// !$*UTF8*$!
{
	archiveVersion = 1;
	classes = {
	};
	objectVersion = 50;
	objects = {

/* Begin PBXBuildFile section */
		A12FB776246E17DE006ACDEE /* Constants.swift in Sources */ = {isa = PBXBuildFile; fileRef = A12FB775246E17DE006ACDEE /* Constants.swift */; };
		A146ED8A2468DB820017C8E6 /* MainContracts.swift in Sources */ = {isa = PBXBuildFile; fileRef = A146ED892468DB820017C8E6 /* MainContracts.swift */; };
		A146ED8C2468E31B0017C8E6 /* MainInteractorImplementation.swift in Sources */ = {isa = PBXBuildFile; fileRef = A146ED8B2468E31B0017C8E6 /* MainInteractorImplementation.swift */; };
		A146ED8E2468E69D0017C8E6 /* MainPresenterImplementation.swift in Sources */ = {isa = PBXBuildFile; fileRef = A146ED8D2468E69D0017C8E6 /* MainPresenterImplementation.swift */; };
		A146ED902468E9D60017C8E6 /* MainRouterImplementation.swift in Sources */ = {isa = PBXBuildFile; fileRef = A146ED8F2468E9D60017C8E6 /* MainRouterImplementation.swift */; };
		A146ED922468EA940017C8E6 /* MainConfiguratorImplementation.swift in Sources */ = {isa = PBXBuildFile; fileRef = A146ED912468EA940017C8E6 /* MainConfiguratorImplementation.swift */; };
		A16595CA2470B202009D1AD1 /* ITunesResponseDataModel.swift in Sources */ = {isa = PBXBuildFile; fileRef = A16595C92470B202009D1AD1 /* ITunesResponseDataModel.swift */; };
		A174656A2468C01800070F09 /* Architecture.swift in Sources */ = {isa = PBXBuildFile; fileRef = A17465692468C01800070F09 /* Architecture.swift */; };
		A1AB4B5B246CDEAD00A39011 /* MainModels.swift in Sources */ = {isa = PBXBuildFile; fileRef = A1AB4B5A246CDEAD00A39011 /* MainModels.swift */; };
		A1AB4B5D246CDEF600A39011 /* DetailModels.swift in Sources */ = {isa = PBXBuildFile; fileRef = A1AB4B5C246CDEF600A39011 /* DetailModels.swift */; };
		A1AB4B5F246CDF7F00A39011 /* RequestInterceptor.swift in Sources */ = {isa = PBXBuildFile; fileRef = A1AB4B5E246CDF7F00A39011 /* RequestInterceptor.swift */; };
		A1C73A1D24687547007049F2 /* AppDelegate.swift in Sources */ = {isa = PBXBuildFile; fileRef = A1C73A1C24687547007049F2 /* AppDelegate.swift */; };
		A1C73A1F24687547007049F2 /* SceneDelegate.swift in Sources */ = {isa = PBXBuildFile; fileRef = A1C73A1E24687547007049F2 /* SceneDelegate.swift */; };
		A1C73A2124687547007049F2 /* MainViewController.swift in Sources */ = {isa = PBXBuildFile; fileRef = A1C73A2024687547007049F2 /* MainViewController.swift */; };
		A1C73A2424687547007049F2 /* Main.storyboard in Resources */ = {isa = PBXBuildFile; fileRef = A1C73A2224687547007049F2 /* Main.storyboard */; };
		A1C73A2624687548007049F2 /* Assets.xcassets in Resources */ = {isa = PBXBuildFile; fileRef = A1C73A2524687548007049F2 /* Assets.xcassets */; };
		A1C73A2924687548007049F2 /* LaunchScreen.storyboard in Resources */ = {isa = PBXBuildFile; fileRef = A1C73A2724687548007049F2 /* LaunchScreen.storyboard */; };
		A1C73A3424687548007049F2 /* iTunesSearcherTests.swift in Sources */ = {isa = PBXBuildFile; fileRef = A1C73A3324687548007049F2 /* iTunesSearcherTests.swift */; };
		A1C73A3F24687548007049F2 /* iTunesSearcherUITests.swift in Sources */ = {isa = PBXBuildFile; fileRef = A1C73A3E24687548007049F2 /* iTunesSearcherUITests.swift */; };
/* End PBXBuildFile section */

/* Begin PBXContainerItemProxy section */
		A1C73A3024687548007049F2 /* PBXContainerItemProxy */ = {
			isa = PBXContainerItemProxy;
			containerPortal = A1C73A1124687547007049F2 /* Project object */;
			proxyType = 1;
			remoteGlobalIDString = A1C73A1824687547007049F2;
			remoteInfo = iTunesSearcher;
		};
		A1C73A3B24687548007049F2 /* PBXContainerItemProxy */ = {
			isa = PBXContainerItemProxy;
			containerPortal = A1C73A1124687547007049F2 /* Project object */;
			proxyType = 1;
			remoteGlobalIDString = A1C73A1824687547007049F2;
			remoteInfo = iTunesSearcher;
		};
/* End PBXContainerItemProxy section */

/* Begin PBXFileReference section */
		A12FB775246E17DE006ACDEE /* Constants.swift */ = {isa = PBXFileReference; lastKnownFileType = sourcecode.swift; path = Constants.swift; sourceTree = "<group>"; };
		A146ED892468DB820017C8E6 /* MainContracts.swift */ = {isa = PBXFileReference; lastKnownFileType = sourcecode.swift; path = MainContracts.swift; sourceTree = "<group>"; };
		A146ED8B2468E31B0017C8E6 /* MainInteractorImplementation.swift */ = {isa = PBXFileReference; lastKnownFileType = sourcecode.swift; path = MainInteractorImplementation.swift; sourceTree = "<group>"; };
		A146ED8D2468E69D0017C8E6 /* MainPresenterImplementation.swift */ = {isa = PBXFileReference; lastKnownFileType = sourcecode.swift; path = MainPresenterImplementation.swift; sourceTree = "<group>"; };
		A146ED8F2468E9D60017C8E6 /* MainRouterImplementation.swift */ = {isa = PBXFileReference; lastKnownFileType = sourcecode.swift; path = MainRouterImplementation.swift; sourceTree = "<group>"; };
		A146ED912468EA940017C8E6 /* MainConfiguratorImplementation.swift */ = {isa = PBXFileReference; lastKnownFileType = sourcecode.swift; path = MainConfiguratorImplementation.swift; sourceTree = "<group>"; };
		A16595C92470B202009D1AD1 /* ITunesResponseDataModel.swift */ = {isa = PBXFileReference; lastKnownFileType = sourcecode.swift; path = ITunesResponseDataModel.swift; sourceTree = "<group>"; };
		A17465692468C01800070F09 /* Architecture.swift */ = {isa = PBXFileReference; lastKnownFileType = sourcecode.swift; path = Architecture.swift; sourceTree = "<group>"; };
		A1AB4B5A246CDEAD00A39011 /* MainModels.swift */ = {isa = PBXFileReference; lastKnownFileType = sourcecode.swift; path = MainModels.swift; sourceTree = "<group>"; };
		A1AB4B5C246CDEF600A39011 /* DetailModels.swift */ = {isa = PBXFileReference; lastKnownFileType = sourcecode.swift; path = DetailModels.swift; sourceTree = "<group>"; };
		A1AB4B5E246CDF7F00A39011 /* RequestInterceptor.swift */ = {isa = PBXFileReference; lastKnownFileType = sourcecode.swift; path = RequestInterceptor.swift; sourceTree = "<group>"; };
		A1C73A1924687547007049F2 /* iTunesSearcher.app */ = {isa = PBXFileReference; explicitFileType = wrapper.application; includeInIndex = 0; path = iTunesSearcher.app; sourceTree = BUILT_PRODUCTS_DIR; };
		A1C73A1C24687547007049F2 /* AppDelegate.swift */ = {isa = PBXFileReference; lastKnownFileType = sourcecode.swift; path = AppDelegate.swift; sourceTree = "<group>"; };
		A1C73A1E24687547007049F2 /* SceneDelegate.swift */ = {isa = PBXFileReference; lastKnownFileType = sourcecode.swift; path = SceneDelegate.swift; sourceTree = "<group>"; };
		A1C73A2024687547007049F2 /* MainViewController.swift */ = {isa = PBXFileReference; lastKnownFileType = sourcecode.swift; path = MainViewController.swift; sourceTree = "<group>"; };
		A1C73A2324687547007049F2 /* Base */ = {isa = PBXFileReference; lastKnownFileType = file.storyboard; name = Base; path = Base.lproj/Main.storyboard; sourceTree = "<group>"; };
		A1C73A2524687548007049F2 /* Assets.xcassets */ = {isa = PBXFileReference; lastKnownFileType = folder.assetcatalog; path = Assets.xcassets; sourceTree = "<group>"; };
		A1C73A2824687548007049F2 /* Base */ = {isa = PBXFileReference; lastKnownFileType = file.storyboard; name = Base; path = Base.lproj/LaunchScreen.storyboard; sourceTree = "<group>"; };
		A1C73A2A24687548007049F2 /* Info.plist */ = {isa = PBXFileReference; lastKnownFileType = text.plist.xml; path = Info.plist; sourceTree = "<group>"; };
		A1C73A2F24687548007049F2 /* iTunesSearcherTests.xctest */ = {isa = PBXFileReference; explicitFileType = wrapper.cfbundle; includeInIndex = 0; path = iTunesSearcherTests.xctest; sourceTree = BUILT_PRODUCTS_DIR; };
		A1C73A3324687548007049F2 /* iTunesSearcherTests.swift */ = {isa = PBXFileReference; lastKnownFileType = sourcecode.swift; path = iTunesSearcherTests.swift; sourceTree = "<group>"; };
		A1C73A3524687548007049F2 /* Info.plist */ = {isa = PBXFileReference; lastKnownFileType = text.plist.xml; path = Info.plist; sourceTree = "<group>"; };
		A1C73A3A24687548007049F2 /* iTunesSearcherUITests.xctest */ = {isa = PBXFileReference; explicitFileType = wrapper.cfbundle; includeInIndex = 0; path = iTunesSearcherUITests.xctest; sourceTree = BUILT_PRODUCTS_DIR; };
		A1C73A3E24687548007049F2 /* iTunesSearcherUITests.swift */ = {isa = PBXFileReference; lastKnownFileType = sourcecode.swift; path = iTunesSearcherUITests.swift; sourceTree = "<group>"; };
		A1C73A4024687548007049F2 /* Info.plist */ = {isa = PBXFileReference; lastKnownFileType = text.plist.xml; path = Info.plist; sourceTree = "<group>"; };
/* End PBXFileReference section */

/* Begin PBXFrameworksBuildPhase section */
		A1C73A1624687547007049F2 /* Frameworks */ = {
			isa = PBXFrameworksBuildPhase;
			buildActionMask = 2147483647;
			files = (
			);
			runOnlyForDeploymentPostprocessing = 0;
		};
		A1C73A2C24687548007049F2 /* Frameworks */ = {
			isa = PBXFrameworksBuildPhase;
			buildActionMask = 2147483647;
			files = (
			);
			runOnlyForDeploymentPostprocessing = 0;
		};
		A1C73A3724687548007049F2 /* Frameworks */ = {
			isa = PBXFrameworksBuildPhase;
			buildActionMask = 2147483647;
			files = (
			);
			runOnlyForDeploymentPostprocessing = 0;
		};
/* End PBXFrameworksBuildPhase section */

/* Begin PBXGroup section */
		A17465652468BB2900070F09 /* SupportingObjects */ = {
			isa = PBXGroup;
			children = (
				A188632C2470FAE900513639 /* ViewModels */,
				A188632B2470FADB00513639 /* DataModels */,
				A12FB775246E17DE006ACDEE /* Constants.swift */,
			);
			path = SupportingObjects;
			sourceTree = "<group>";
		};
		A17465662468BB3B00070F09 /* Screens */ = {
			isa = PBXGroup;
			children = (
				A1AB4B58246CD47E00A39011 /* DetailScreen */,
				A1AB4B57246CD45200A39011 /* MainScreen */,
			);
			path = Screens;
			sourceTree = "<group>";
		};
		A17465672468BB4700070F09 /* Workers */ = {
			isa = PBXGroup;
			children = (
				A1AB4B59246CD49600A39011 /* Networking */,
			);
			path = Workers;
			sourceTree = "<group>";
		};
		A17465682468BB5700070F09 /* Contracts */ = {
			isa = PBXGroup;
			children = (
				A17465692468C01800070F09 /* Architecture.swift */,
				A1AB4B5E246CDF7F00A39011 /* RequestInterceptor.swift */,
			);
			path = Contracts;
			sourceTree = "<group>";
		};
		A188632B2470FADB00513639 /* DataModels */ = {
			isa = PBXGroup;
			children = (
				A16595C92470B202009D1AD1 /* ITunesResponseDataModel.swift */,
			);
			path = DataModels;
			sourceTree = "<group>";
		};
		A188632C2470FAE900513639 /* ViewModels */ = {
			isa = PBXGroup;
			children = (
				A1AB4B5A246CDEAD00A39011 /* MainModels.swift */,
				A1AB4B5C246CDEF600A39011 /* DetailModels.swift */,
			);
			path = ViewModels;
			sourceTree = "<group>";
		};
		A1AB4B57246CD45200A39011 /* MainScreen */ = {
			isa = PBXGroup;
			children = (
				A146ED912468EA940017C8E6 /* MainConfiguratorImplementation.swift */,
				A146ED892468DB820017C8E6 /* MainContracts.swift */,
				A146ED8B2468E31B0017C8E6 /* MainInteractorImplementation.swift */,
				A146ED8D2468E69D0017C8E6 /* MainPresenterImplementation.swift */,
				A146ED8F2468E9D60017C8E6 /* MainRouterImplementation.swift */,
				A1C73A2024687547007049F2 /* MainViewController.swift */,
			);
			path = MainScreen;
			sourceTree = "<group>";
		};
		A1AB4B58246CD47E00A39011 /* DetailScreen */ = {
			isa = PBXGroup;
			children = (
			);
			path = DetailScreen;
			sourceTree = "<group>";
		};
		A1AB4B59246CD49600A39011 /* Networking */ = {
			isa = PBXGroup;
			children = (
			);
			path = Networking;
			sourceTree = "<group>";
		};
		A1C73A1024687547007049F2 = {
			isa = PBXGroup;
			children = (
				A1C73A1B24687547007049F2 /* iTunesSearcher */,
				A1C73A3224687548007049F2 /* iTunesSearcherTests */,
				A1C73A3D24687548007049F2 /* iTunesSearcherUITests */,
				A1C73A1A24687547007049F2 /* Products */,
			);
			sourceTree = "<group>";
		};
		A1C73A1A24687547007049F2 /* Products */ = {
			isa = PBXGroup;
			children = (
				A1C73A1924687547007049F2 /* iTunesSearcher.app */,
				A1C73A2F24687548007049F2 /* iTunesSearcherTests.xctest */,
				A1C73A3A24687548007049F2 /* iTunesSearcherUITests.xctest */,
			);
			name = Products;
			sourceTree = "<group>";
		};
		A1C73A1B24687547007049F2 /* iTunesSearcher */ = {
			isa = PBXGroup;
			children = (
				A1C73A1C24687547007049F2 /* AppDelegate.swift */,
				A1C73A2524687548007049F2 /* Assets.xcassets */,
				A17465682468BB5700070F09 /* Contracts */,
				A1C73A2A24687548007049F2 /* Info.plist */,
				A1C73A2724687548007049F2 /* LaunchScreen.storyboard */,
				A1C73A2224687547007049F2 /* Main.storyboard */,
				A1C73A1E24687547007049F2 /* SceneDelegate.swift */,
				A17465662468BB3B00070F09 /* Screens */,
				A17465652468BB2900070F09 /* SupportingObjects */,
				A17465672468BB4700070F09 /* Workers */,
			);
			path = iTunesSearcher;
			sourceTree = "<group>";
		};
		A1C73A3224687548007049F2 /* iTunesSearcherTests */ = {
			isa = PBXGroup;
			children = (
				A1C73A3324687548007049F2 /* iTunesSearcherTests.swift */,
				A1C73A3524687548007049F2 /* Info.plist */,
			);
			path = iTunesSearcherTests;
			sourceTree = "<group>";
		};
		A1C73A3D24687548007049F2 /* iTunesSearcherUITests */ = {
			isa = PBXGroup;
			children = (
				A1C73A3E24687548007049F2 /* iTunesSearcherUITests.swift */,
				A1C73A4024687548007049F2 /* Info.plist */,
			);
			path = iTunesSearcherUITests;
			sourceTree = "<group>";
		};
/* End PBXGroup section */

/* Begin PBXNativeTarget section */
		A1C73A1824687547007049F2 /* iTunesSearcher */ = {
			isa = PBXNativeTarget;
			buildConfigurationList = A1C73A4324687548007049F2 /* Build configuration list for PBXNativeTarget "iTunesSearcher" */;
			buildPhases = (
				A1C73A1524687547007049F2 /* Sources */,
				A1C73A1624687547007049F2 /* Frameworks */,
				A1C73A1724687547007049F2 /* Resources */,
			);
			buildRules = (
			);
			dependencies = (
			);
			name = iTunesSearcher;
			productName = iTunesSearcher;
			productReference = A1C73A1924687547007049F2 /* iTunesSearcher.app */;
			productType = "com.apple.product-type.application";
		};
		A1C73A2E24687548007049F2 /* iTunesSearcherTests */ = {
			isa = PBXNativeTarget;
			buildConfigurationList = A1C73A4624687548007049F2 /* Build configuration list for PBXNativeTarget "iTunesSearcherTests" */;
			buildPhases = (
				A1C73A2B24687548007049F2 /* Sources */,
				A1C73A2C24687548007049F2 /* Frameworks */,
				A1C73A2D24687548007049F2 /* Resources */,
			);
			buildRules = (
			);
			dependencies = (
				A1C73A3124687548007049F2 /* PBXTargetDependency */,
			);
			name = iTunesSearcherTests;
			productName = iTunesSearcherTests;
			productReference = A1C73A2F24687548007049F2 /* iTunesSearcherTests.xctest */;
			productType = "com.apple.product-type.bundle.unit-test";
		};
		A1C73A3924687548007049F2 /* iTunesSearcherUITests */ = {
			isa = PBXNativeTarget;
			buildConfigurationList = A1C73A4924687548007049F2 /* Build configuration list for PBXNativeTarget "iTunesSearcherUITests" */;
			buildPhases = (
				A1C73A3624687548007049F2 /* Sources */,
				A1C73A3724687548007049F2 /* Frameworks */,
				A1C73A3824687548007049F2 /* Resources */,
			);
			buildRules = (
			);
			dependencies = (
				A1C73A3C24687548007049F2 /* PBXTargetDependency */,
			);
			name = iTunesSearcherUITests;
			productName = iTunesSearcherUITests;
			productReference = A1C73A3A24687548007049F2 /* iTunesSearcherUITests.xctest */;
			productType = "com.apple.product-type.bundle.ui-testing";
		};
/* End PBXNativeTarget section */

/* Begin PBXProject section */
		A1C73A1124687547007049F2 /* Project object */ = {
			isa = PBXProject;
			attributes = {
				LastSwiftUpdateCheck = 1140;
				LastUpgradeCheck = 1140;
				ORGANIZATIONNAME = "Boris Sortino";
				TargetAttributes = {
					A1C73A1824687547007049F2 = {
						CreatedOnToolsVersion = 11.4;
					};
					A1C73A2E24687548007049F2 = {
						CreatedOnToolsVersion = 11.4;
						TestTargetID = A1C73A1824687547007049F2;
					};
					A1C73A3924687548007049F2 = {
						CreatedOnToolsVersion = 11.4;
						TestTargetID = A1C73A1824687547007049F2;
					};
				};
			};
			buildConfigurationList = A1C73A1424687547007049F2 /* Build configuration list for PBXProject "iTunesSearcher" */;
			compatibilityVersion = "Xcode 9.3";
			developmentRegion = en;
			hasScannedForEncodings = 0;
			knownRegions = (
				en,
				Base,
			);
			mainGroup = A1C73A1024687547007049F2;
			productRefGroup = A1C73A1A24687547007049F2 /* Products */;
			projectDirPath = "";
			projectRoot = "";
			targets = (
				A1C73A1824687547007049F2 /* iTunesSearcher */,
				A1C73A2E24687548007049F2 /* iTunesSearcherTests */,
				A1C73A3924687548007049F2 /* iTunesSearcherUITests */,
			);
		};
/* End PBXProject section */

/* Begin PBXResourcesBuildPhase section */
		A1C73A1724687547007049F2 /* Resources */ = {
			isa = PBXResourcesBuildPhase;
			buildActionMask = 2147483647;
			files = (
				A1C73A2924687548007049F2 /* LaunchScreen.storyboard in Resources */,
				A1C73A2624687548007049F2 /* Assets.xcassets in Resources */,
				A1C73A2424687547007049F2 /* Main.storyboard in Resources */,
			);
			runOnlyForDeploymentPostprocessing = 0;
		};
		A1C73A2D24687548007049F2 /* Resources */ = {
			isa = PBXResourcesBuildPhase;
			buildActionMask = 2147483647;
			files = (
			);
			runOnlyForDeploymentPostprocessing = 0;
		};
		A1C73A3824687548007049F2 /* Resources */ = {
			isa = PBXResourcesBuildPhase;
			buildActionMask = 2147483647;
			files = (
			);
			runOnlyForDeploymentPostprocessing = 0;
		};
/* End PBXResourcesBuildPhase section */

/* Begin PBXSourcesBuildPhase section */
		A1C73A1524687547007049F2 /* Sources */ = {
			isa = PBXSourcesBuildPhase;
			buildActionMask = 2147483647;
			files = (
				A174656A2468C01800070F09 /* Architecture.swift in Sources */,
				A146ED8C2468E31B0017C8E6 /* MainInteractorImplementation.swift in Sources */,
				A12FB776246E17DE006ACDEE /* Constants.swift in Sources */,
				A1AB4B5B246CDEAD00A39011 /* MainModels.swift in Sources */,
				A146ED8A2468DB820017C8E6 /* MainContracts.swift in Sources */,
				A1C73A2124687547007049F2 /* MainViewController.swift in Sources */,
				A1C73A1D24687547007049F2 /* AppDelegate.swift in Sources */,
				A1AB4B5D246CDEF600A39011 /* DetailModels.swift in Sources */,
				A1AB4B5F246CDF7F00A39011 /* RequestInterceptor.swift in Sources */,
				A146ED922468EA940017C8E6 /* MainConfiguratorImplementation.swift in Sources */,
				A146ED902468E9D60017C8E6 /* MainRouterImplementation.swift in Sources */,
				A1C73A1F24687547007049F2 /* SceneDelegate.swift in Sources */,
				A146ED8E2468E69D0017C8E6 /* MainPresenterImplementation.swift in Sources */,
				A16595CA2470B202009D1AD1 /* ITunesResponseDataModel.swift in Sources */,
			);
			runOnlyForDeploymentPostprocessing = 0;
		};
		A1C73A2B24687548007049F2 /* Sources */ = {
			isa = PBXSourcesBuildPhase;
			buildActionMask = 2147483647;
			files = (
				A1C73A3424687548007049F2 /* iTunesSearcherTests.swift in Sources */,
			);
			runOnlyForDeploymentPostprocessing = 0;
		};
		A1C73A3624687548007049F2 /* Sources */ = {
			isa = PBXSourcesBuildPhase;
			buildActionMask = 2147483647;
			files = (
				A1C73A3F24687548007049F2 /* iTunesSearcherUITests.swift in Sources */,
			);
			runOnlyForDeploymentPostprocessing = 0;
		};
/* End PBXSourcesBuildPhase section */

/* Begin PBXTargetDependency section */
		A1C73A3124687548007049F2 /* PBXTargetDependency */ = {
			isa = PBXTargetDependency;
			target = A1C73A1824687547007049F2 /* iTunesSearcher */;
			targetProxy = A1C73A3024687548007049F2 /* PBXContainerItemProxy */;
		};
		A1C73A3C24687548007049F2 /* PBXTargetDependency */ = {
			isa = PBXTargetDependency;
			target = A1C73A1824687547007049F2 /* iTunesSearcher */;
			targetProxy = A1C73A3B24687548007049F2 /* PBXContainerItemProxy */;
		};
/* End PBXTargetDependency section */

/* Begin PBXVariantGroup section */
		A1C73A2224687547007049F2 /* Main.storyboard */ = {
			isa = PBXVariantGroup;
			children = (
				A1C73A2324687547007049F2 /* Base */,
			);
			name = Main.storyboard;
			sourceTree = "<group>";
		};
		A1C73A2724687548007049F2 /* LaunchScreen.storyboard */ = {
			isa = PBXVariantGroup;
			children = (
				A1C73A2824687548007049F2 /* Base */,
			);
			name = LaunchScreen.storyboard;
			sourceTree = "<group>";
		};
/* End PBXVariantGroup section */

/* Begin XCBuildConfiguration section */
		A1C73A4124687548007049F2 /* Debug */ = {
			isa = XCBuildConfiguration;
			buildSettings = {
				ALWAYS_SEARCH_USER_PATHS = NO;
				CLANG_ANALYZER_NONNULL = YES;
				CLANG_ANALYZER_NUMBER_OBJECT_CONVERSION = YES_AGGRESSIVE;
				CLANG_CXX_LANGUAGE_STANDARD = "gnu++14";
				CLANG_CXX_LIBRARY = "libc++";
				CLANG_ENABLE_MODULES = YES;
				CLANG_ENABLE_OBJC_ARC = YES;
				CLANG_ENABLE_OBJC_WEAK = YES;
				CLANG_WARN_BLOCK_CAPTURE_AUTORELEASING = YES;
				CLANG_WARN_BOOL_CONVERSION = YES;
				CLANG_WARN_COMMA = YES;
				CLANG_WARN_CONSTANT_CONVERSION = YES;
				CLANG_WARN_DEPRECATED_OBJC_IMPLEMENTATIONS = YES;
				CLANG_WARN_DIRECT_OBJC_ISA_USAGE = YES_ERROR;
				CLANG_WARN_DOCUMENTATION_COMMENTS = YES;
				CLANG_WARN_EMPTY_BODY = YES;
				CLANG_WARN_ENUM_CONVERSION = YES;
				CLANG_WARN_INFINITE_RECURSION = YES;
				CLANG_WARN_INT_CONVERSION = YES;
				CLANG_WARN_NON_LITERAL_NULL_CONVERSION = YES;
				CLANG_WARN_OBJC_IMPLICIT_RETAIN_SELF = YES;
				CLANG_WARN_OBJC_LITERAL_CONVERSION = YES;
				CLANG_WARN_OBJC_ROOT_CLASS = YES_ERROR;
				CLANG_WARN_RANGE_LOOP_ANALYSIS = YES;
				CLANG_WARN_STRICT_PROTOTYPES = YES;
				CLANG_WARN_SUSPICIOUS_MOVE = YES;
				CLANG_WARN_UNGUARDED_AVAILABILITY = YES_AGGRESSIVE;
				CLANG_WARN_UNREACHABLE_CODE = YES;
				CLANG_WARN__DUPLICATE_METHOD_MATCH = YES;
				COPY_PHASE_STRIP = NO;
				DEBUG_INFORMATION_FORMAT = dwarf;
				ENABLE_STRICT_OBJC_MSGSEND = YES;
				ENABLE_TESTABILITY = YES;
				GCC_C_LANGUAGE_STANDARD = gnu11;
				GCC_DYNAMIC_NO_PIC = NO;
				GCC_NO_COMMON_BLOCKS = YES;
				GCC_OPTIMIZATION_LEVEL = 0;
				GCC_PREPROCESSOR_DEFINITIONS = (
					"DEBUG=1",
					"$(inherited)",
				);
				GCC_WARN_64_TO_32_BIT_CONVERSION = YES;
				GCC_WARN_ABOUT_RETURN_TYPE = YES_ERROR;
				GCC_WARN_UNDECLARED_SELECTOR = YES;
				GCC_WARN_UNINITIALIZED_AUTOS = YES_AGGRESSIVE;
				GCC_WARN_UNUSED_FUNCTION = YES;
				GCC_WARN_UNUSED_VARIABLE = YES;
				IPHONEOS_DEPLOYMENT_TARGET = 13.4;
				MTL_ENABLE_DEBUG_INFO = INCLUDE_SOURCE;
				MTL_FAST_MATH = YES;
				ONLY_ACTIVE_ARCH = YES;
				SDKROOT = iphoneos;
				SWIFT_ACTIVE_COMPILATION_CONDITIONS = DEBUG;
				SWIFT_OPTIMIZATION_LEVEL = "-Onone";
			};
			name = Debug;
		};
		A1C73A4224687548007049F2 /* Release */ = {
			isa = XCBuildConfiguration;
			buildSettings = {
				ALWAYS_SEARCH_USER_PATHS = NO;
				CLANG_ANALYZER_NONNULL = YES;
				CLANG_ANALYZER_NUMBER_OBJECT_CONVERSION = YES_AGGRESSIVE;
				CLANG_CXX_LANGUAGE_STANDARD = "gnu++14";
				CLANG_CXX_LIBRARY = "libc++";
				CLANG_ENABLE_MODULES = YES;
				CLANG_ENABLE_OBJC_ARC = YES;
				CLANG_ENABLE_OBJC_WEAK = YES;
				CLANG_WARN_BLOCK_CAPTURE_AUTORELEASING = YES;
				CLANG_WARN_BOOL_CONVERSION = YES;
				CLANG_WARN_COMMA = YES;
				CLANG_WARN_CONSTANT_CONVERSION = YES;
				CLANG_WARN_DEPRECATED_OBJC_IMPLEMENTATIONS = YES;
				CLANG_WARN_DIRECT_OBJC_ISA_USAGE = YES_ERROR;
				CLANG_WARN_DOCUMENTATION_COMMENTS = YES;
				CLANG_WARN_EMPTY_BODY = YES;
				CLANG_WARN_ENUM_CONVERSION = YES;
				CLANG_WARN_INFINITE_RECURSION = YES;
				CLANG_WARN_INT_CONVERSION = YES;
				CLANG_WARN_NON_LITERAL_NULL_CONVERSION = YES;
				CLANG_WARN_OBJC_IMPLICIT_RETAIN_SELF = YES;
				CLANG_WARN_OBJC_LITERAL_CONVERSION = YES;
				CLANG_WARN_OBJC_ROOT_CLASS = YES_ERROR;
				CLANG_WARN_RANGE_LOOP_ANALYSIS = YES;
				CLANG_WARN_STRICT_PROTOTYPES = YES;
				CLANG_WARN_SUSPICIOUS_MOVE = YES;
				CLANG_WARN_UNGUARDED_AVAILABILITY = YES_AGGRESSIVE;
				CLANG_WARN_UNREACHABLE_CODE = YES;
				CLANG_WARN__DUPLICATE_METHOD_MATCH = YES;
				COPY_PHASE_STRIP = NO;
				DEBUG_INFORMATION_FORMAT = "dwarf-with-dsym";
				ENABLE_NS_ASSERTIONS = NO;
				ENABLE_STRICT_OBJC_MSGSEND = YES;
				GCC_C_LANGUAGE_STANDARD = gnu11;
				GCC_NO_COMMON_BLOCKS = YES;
				GCC_WARN_64_TO_32_BIT_CONVERSION = YES;
				GCC_WARN_ABOUT_RETURN_TYPE = YES_ERROR;
				GCC_WARN_UNDECLARED_SELECTOR = YES;
				GCC_WARN_UNINITIALIZED_AUTOS = YES_AGGRESSIVE;
				GCC_WARN_UNUSED_FUNCTION = YES;
				GCC_WARN_UNUSED_VARIABLE = YES;
				IPHONEOS_DEPLOYMENT_TARGET = 13.4;
				MTL_ENABLE_DEBUG_INFO = NO;
				MTL_FAST_MATH = YES;
				SDKROOT = iphoneos;
				SWIFT_COMPILATION_MODE = wholemodule;
				SWIFT_OPTIMIZATION_LEVEL = "-O";
				VALIDATE_PRODUCT = YES;
			};
			name = Release;
		};
		A1C73A4424687548007049F2 /* Debug */ = {
			isa = XCBuildConfiguration;
			buildSettings = {
				ASSETCATALOG_COMPILER_APPICON_NAME = AppIcon;
				CODE_SIGN_STYLE = Automatic;
				DEVELOPMENT_TEAM = A2K8AKR8G9;
				INFOPLIST_FILE = iTunesSearcher/Info.plist;
				LD_RUNPATH_SEARCH_PATHS = (
					"$(inherited)",
					"@executable_path/Frameworks",
				);
				PRODUCT_BUNDLE_IDENTIFIER = com.vigotskij.iTunesSearcher;
				PRODUCT_NAME = "$(TARGET_NAME)";
				SWIFT_VERSION = 5.0;
				TARGETED_DEVICE_FAMILY = 1;
			};
			name = Debug;
		};
		A1C73A4524687548007049F2 /* Release */ = {
			isa = XCBuildConfiguration;
			buildSettings = {
				ASSETCATALOG_COMPILER_APPICON_NAME = AppIcon;
				CODE_SIGN_STYLE = Automatic;
				DEVELOPMENT_TEAM = A2K8AKR8G9;
				INFOPLIST_FILE = iTunesSearcher/Info.plist;
				LD_RUNPATH_SEARCH_PATHS = (
					"$(inherited)",
					"@executable_path/Frameworks",
				);
				PRODUCT_BUNDLE_IDENTIFIER = com.vigotskij.iTunesSearcher;
				PRODUCT_NAME = "$(TARGET_NAME)";
				SWIFT_VERSION = 5.0;
				TARGETED_DEVICE_FAMILY = 1;
			};
			name = Release;
		};
		A1C73A4724687548007049F2 /* Debug */ = {
			isa = XCBuildConfiguration;
			buildSettings = {
				ALWAYS_EMBED_SWIFT_STANDARD_LIBRARIES = YES;
				BUNDLE_LOADER = "$(TEST_HOST)";
				CODE_SIGN_STYLE = Automatic;
				DEVELOPMENT_TEAM = A2K8AKR8G9;
				INFOPLIST_FILE = iTunesSearcherTests/Info.plist;
				IPHONEOS_DEPLOYMENT_TARGET = 13.4;
				LD_RUNPATH_SEARCH_PATHS = (
					"$(inherited)",
					"@executable_path/Frameworks",
					"@loader_path/Frameworks",
				);
				PRODUCT_BUNDLE_IDENTIFIER = com.vigotskij.iTunesSearcherTests;
				PRODUCT_NAME = "$(TARGET_NAME)";
				SWIFT_VERSION = 5.0;
				TARGETED_DEVICE_FAMILY = "1,2";
				TEST_HOST = "$(BUILT_PRODUCTS_DIR)/iTunesSearcher.app/iTunesSearcher";
			};
			name = Debug;
		};
		A1C73A4824687548007049F2 /* Release */ = {
			isa = XCBuildConfiguration;
			buildSettings = {
				ALWAYS_EMBED_SWIFT_STANDARD_LIBRARIES = YES;
				BUNDLE_LOADER = "$(TEST_HOST)";
				CODE_SIGN_STYLE = Automatic;
				DEVELOPMENT_TEAM = A2K8AKR8G9;
				INFOPLIST_FILE = iTunesSearcherTests/Info.plist;
				IPHONEOS_DEPLOYMENT_TARGET = 13.4;
				LD_RUNPATH_SEARCH_PATHS = (
					"$(inherited)",
					"@executable_path/Frameworks",
					"@loader_path/Frameworks",
				);
				PRODUCT_BUNDLE_IDENTIFIER = com.vigotskij.iTunesSearcherTests;
				PRODUCT_NAME = "$(TARGET_NAME)";
				SWIFT_VERSION = 5.0;
				TARGETED_DEVICE_FAMILY = "1,2";
				TEST_HOST = "$(BUILT_PRODUCTS_DIR)/iTunesSearcher.app/iTunesSearcher";
			};
			name = Release;
		};
		A1C73A4A24687548007049F2 /* Debug */ = {
			isa = XCBuildConfiguration;
			buildSettings = {
				ALWAYS_EMBED_SWIFT_STANDARD_LIBRARIES = YES;
				CODE_SIGN_STYLE = Automatic;
				DEVELOPMENT_TEAM = A2K8AKR8G9;
				INFOPLIST_FILE = iTunesSearcherUITests/Info.plist;
				LD_RUNPATH_SEARCH_PATHS = (
					"$(inherited)",
					"@executable_path/Frameworks",
					"@loader_path/Frameworks",
				);
				PRODUCT_BUNDLE_IDENTIFIER = com.vigotskij.iTunesSearcherUITests;
				PRODUCT_NAME = "$(TARGET_NAME)";
				SWIFT_VERSION = 5.0;
				TARGETED_DEVICE_FAMILY = "1,2";
				TEST_TARGET_NAME = iTunesSearcher;
			};
			name = Debug;
		};
		A1C73A4B24687548007049F2 /* Release */ = {
			isa = XCBuildConfiguration;
			buildSettings = {
				ALWAYS_EMBED_SWIFT_STANDARD_LIBRARIES = YES;
				CODE_SIGN_STYLE = Automatic;
				DEVELOPMENT_TEAM = A2K8AKR8G9;
				INFOPLIST_FILE = iTunesSearcherUITests/Info.plist;
				LD_RUNPATH_SEARCH_PATHS = (
					"$(inherited)",
					"@executable_path/Frameworks",
					"@loader_path/Frameworks",
				);
				PRODUCT_BUNDLE_IDENTIFIER = com.vigotskij.iTunesSearcherUITests;
				PRODUCT_NAME = "$(TARGET_NAME)";
				SWIFT_VERSION = 5.0;
				TARGETED_DEVICE_FAMILY = "1,2";
				TEST_TARGET_NAME = iTunesSearcher;
			};
			name = Release;
		};
/* End XCBuildConfiguration section */

/* Begin XCConfigurationList section */
		A1C73A1424687547007049F2 /* Build configuration list for PBXProject "iTunesSearcher" */ = {
			isa = XCConfigurationList;
			buildConfigurations = (
				A1C73A4124687548007049F2 /* Debug */,
				A1C73A4224687548007049F2 /* Release */,
			);
			defaultConfigurationIsVisible = 0;
			defaultConfigurationName = Release;
		};
		A1C73A4324687548007049F2 /* Build configuration list for PBXNativeTarget "iTunesSearcher" */ = {
			isa = XCConfigurationList;
			buildConfigurations = (
				A1C73A4424687548007049F2 /* Debug */,
				A1C73A4524687548007049F2 /* Release */,
			);
			defaultConfigurationIsVisible = 0;
			defaultConfigurationName = Release;
		};
		A1C73A4624687548007049F2 /* Build configuration list for PBXNativeTarget "iTunesSearcherTests" */ = {
			isa = XCConfigurationList;
			buildConfigurations = (
				A1C73A4724687548007049F2 /* Debug */,
				A1C73A4824687548007049F2 /* Release */,
			);
			defaultConfigurationIsVisible = 0;
			defaultConfigurationName = Release;
		};
		A1C73A4924687548007049F2 /* Build configuration list for PBXNativeTarget "iTunesSearcherUITests" */ = {
			isa = XCConfigurationList;
			buildConfigurations = (
				A1C73A4A24687548007049F2 /* Debug */,
				A1C73A4B24687548007049F2 /* Release */,
			);
			defaultConfigurationIsVisible = 0;
			defaultConfigurationName = Release;
		};
/* End XCConfigurationList section */
	};
	rootObject = A1C73A1124687547007049F2 /* Project object */;
}
